// !$*UTF8*$!
{
	archiveVersion = 1;
	classes = {
	};
	objectVersion = 48;
	objects = {

/* Begin PBXBuildFile section */
		48735C6920B2D24A00266DA0 /* DeliveryViewModel.swift in Sources */ = {isa = PBXBuildFile; fileRef = 48735C6820B2D24A00266DA0 /* DeliveryViewModel.swift */; };
		48E468D320AC20E9003EB2DB /* AppDelegate.swift in Sources */ = {isa = PBXBuildFile; fileRef = 48E468D220AC20E9003EB2DB /* AppDelegate.swift */; };
		48E468D520AC20E9003EB2DB /* CheckoutVC.swift in Sources */ = {isa = PBXBuildFile; fileRef = 48E468D420AC20E9003EB2DB /* CheckoutVC.swift */; };
		48E468D820AC20E9003EB2DB /* Main.storyboard in Resources */ = {isa = PBXBuildFile; fileRef = 48E468D620AC20E9003EB2DB /* Main.storyboard */; };
		48E468DA20AC20E9003EB2DB /* Assets.xcassets in Resources */ = {isa = PBXBuildFile; fileRef = 48E468D920AC20E9003EB2DB /* Assets.xcassets */; };
		48E468DD20AC20E9003EB2DB /* LaunchScreen.storyboard in Resources */ = {isa = PBXBuildFile; fileRef = 48E468DB20AC20E9003EB2DB /* LaunchScreen.storyboard */; };
		48E468E520AC211E003EB2DB /* DeliveryTableView.xib in Resources */ = {isa = PBXBuildFile; fileRef = 48E468E420AC211E003EB2DB /* DeliveryTableView.xib */; };
		48E468E720AC2A84003EB2DB /* DeliverToCell.xib in Resources */ = {isa = PBXBuildFile; fileRef = 48E468E620AC2A84003EB2DB /* DeliverToCell.xib */; };
		48E468E920AC2E14003EB2DB /* DeliverToCell.swift in Sources */ = {isa = PBXBuildFile; fileRef = 48E468E820AC2E14003EB2DB /* DeliverToCell.swift */; };
		48E468EB20AC73F6003EB2DB /* MyDetailsCell.xib in Resources */ = {isa = PBXBuildFile; fileRef = 48E468EA20AC73F6003EB2DB /* MyDetailsCell.xib */; };
		48E468ED20AC74E4003EB2DB /* MyDetailsCell.swift in Sources */ = {isa = PBXBuildFile; fileRef = 48E468EC20AC74E4003EB2DB /* MyDetailsCell.swift */; };
		48E468EF20AC7741003EB2DB /* PaymentMethodCell.xib in Resources */ = {isa = PBXBuildFile; fileRef = 48E468EE20AC7741003EB2DB /* PaymentMethodCell.xib */; };
		48E468F120AC77FD003EB2DB /* PaymentMethodCell.swift in Sources */ = {isa = PBXBuildFile; fileRef = 48E468F020AC77FD003EB2DB /* PaymentMethodCell.swift */; };
		48E468F420AC79A1003EB2DB /* CreateAccountCell.xib in Resources */ = {isa = PBXBuildFile; fileRef = 48E468F320AC79A1003EB2DB /* CreateAccountCell.xib */; };
		48E468F620AC79D2003EB2DB /* DeliverToHeader.xib in Resources */ = {isa = PBXBuildFile; fileRef = 48E468F520AC79D2003EB2DB /* DeliverToHeader.xib */; };
		48E468F820AC7DAA003EB2DB /* CreateAccountHeader.xib in Resources */ = {isa = PBXBuildFile; fileRef = 48E468F720AC7DAA003EB2DB /* CreateAccountHeader.xib */; };
		48E468FA20AC8473003EB2DB /* CreateAccountCell.swift in Sources */ = {isa = PBXBuildFile; fileRef = 48E468F920AC8473003EB2DB /* CreateAccountCell.swift */; };
		48E468FC20AC8700003EB2DB /* PaymentMethodVC.swift in Sources */ = {isa = PBXBuildFile; fileRef = 48E468FB20AC8700003EB2DB /* PaymentMethodVC.swift */; };
		48E468FE20AC8753003EB2DB /* PaymentMethodVC.xib in Resources */ = {isa = PBXBuildFile; fileRef = 48E468FD20AC8753003EB2DB /* PaymentMethodVC.xib */; };
		48E4690020AD61D1003EB2DB /* PlaceOrderCell.xib in Resources */ = {isa = PBXBuildFile; fileRef = 48E468FF20AD61D1003EB2DB /* PlaceOrderCell.xib */; };
		48E4690220AD6A38003EB2DB /* PaymentMethodLabelCell.swift in Sources */ = {isa = PBXBuildFile; fileRef = 48E4690120AD6A38003EB2DB /* PaymentMethodLabelCell.swift */; };
		48E4690420AD6A43003EB2DB /* PaymentMethodLabelCell.xib in Resources */ = {isa = PBXBuildFile; fileRef = 48E4690320AD6A43003EB2DB /* PaymentMethodLabelCell.xib */; };
/* End PBXBuildFile section */

/* Begin PBXFileReference section */
		48735C6820B2D24A00266DA0 /* DeliveryViewModel.swift */ = {isa = PBXFileReference; lastKnownFileType = sourcecode.swift; path = DeliveryViewModel.swift; sourceTree = "<group>"; };
		48E468CF20AC20E9003EB2DB /* DeliveryDynamicTableTest.app */ = {isa = PBXFileReference; explicitFileType = wrapper.application; includeInIndex = 0; path = DeliveryDynamicTableTest.app; sourceTree = BUILT_PRODUCTS_DIR; };
		48E468D220AC20E9003EB2DB /* AppDelegate.swift */ = {isa = PBXFileReference; lastKnownFileType = sourcecode.swift; path = AppDelegate.swift; sourceTree = "<group>"; };
		48E468D420AC20E9003EB2DB /* CheckoutVC.swift */ = {isa = PBXFileReference; lastKnownFileType = sourcecode.swift; path = CheckoutVC.swift; sourceTree = "<group>"; };
		48E468D720AC20E9003EB2DB /* Base */ = {isa = PBXFileReference; lastKnownFileType = file.storyboard; name = Base; path = Base.lproj/Main.storyboard; sourceTree = "<group>"; };
		48E468D920AC20E9003EB2DB /* Assets.xcassets */ = {isa = PBXFileReference; lastKnownFileType = folder.assetcatalog; path = Assets.xcassets; sourceTree = "<group>"; };
		48E468DC20AC20E9003EB2DB /* Base */ = {isa = PBXFileReference; lastKnownFileType = file.storyboard; name = Base; path = Base.lproj/LaunchScreen.storyboard; sourceTree = "<group>"; };
		48E468DE20AC20E9003EB2DB /* Info.plist */ = {isa = PBXFileReference; lastKnownFileType = text.plist.xml; path = Info.plist; sourceTree = "<group>"; };
		48E468E420AC211E003EB2DB /* DeliveryTableView.xib */ = {isa = PBXFileReference; lastKnownFileType = file.xib; path = DeliveryTableView.xib; sourceTree = "<group>"; };
		48E468E620AC2A84003EB2DB /* DeliverToCell.xib */ = {isa = PBXFileReference; lastKnownFileType = file.xib; path = DeliverToCell.xib; sourceTree = "<group>"; };
		48E468E820AC2E14003EB2DB /* DeliverToCell.swift */ = {isa = PBXFileReference; lastKnownFileType = sourcecode.swift; path = DeliverToCell.swift; sourceTree = "<group>"; };
		48E468EA20AC73F6003EB2DB /* MyDetailsCell.xib */ = {isa = PBXFileReference; lastKnownFileType = file.xib; path = MyDetailsCell.xib; sourceTree = "<group>"; };
		48E468EC20AC74E4003EB2DB /* MyDetailsCell.swift */ = {isa = PBXFileReference; lastKnownFileType = sourcecode.swift; path = MyDetailsCell.swift; sourceTree = "<group>"; };
		48E468EE20AC7741003EB2DB /* PaymentMethodCell.xib */ = {isa = PBXFileReference; lastKnownFileType = file.xib; path = PaymentMethodCell.xib; sourceTree = "<group>"; };
		48E468F020AC77FD003EB2DB /* PaymentMethodCell.swift */ = {isa = PBXFileReference; lastKnownFileType = sourcecode.swift; path = PaymentMethodCell.swift; sourceTree = "<group>"; };
		48E468F320AC79A1003EB2DB /* CreateAccountCell.xib */ = {isa = PBXFileReference; lastKnownFileType = file.xib; path = CreateAccountCell.xib; sourceTree = "<group>"; };
		48E468F520AC79D2003EB2DB /* DeliverToHeader.xib */ = {isa = PBXFileReference; lastKnownFileType = file.xib; path = DeliverToHeader.xib; sourceTree = "<group>"; };
		48E468F720AC7DAA003EB2DB /* CreateAccountHeader.xib */ = {isa = PBXFileReference; lastKnownFileType = file.xib; path = CreateAccountHeader.xib; sourceTree = "<group>"; };
		48E468F920AC8473003EB2DB /* CreateAccountCell.swift */ = {isa = PBXFileReference; lastKnownFileType = sourcecode.swift; path = CreateAccountCell.swift; sourceTree = "<group>"; };
		48E468FB20AC8700003EB2DB /* PaymentMethodVC.swift */ = {isa = PBXFileReference; lastKnownFileType = sourcecode.swift; path = PaymentMethodVC.swift; sourceTree = "<group>"; };
		48E468FD20AC8753003EB2DB /* PaymentMethodVC.xib */ = {isa = PBXFileReference; lastKnownFileType = file.xib; path = PaymentMethodVC.xib; sourceTree = "<group>"; };
		48E468FF20AD61D1003EB2DB /* PlaceOrderCell.xib */ = {isa = PBXFileReference; lastKnownFileType = file.xib; path = PlaceOrderCell.xib; sourceTree = "<group>"; };
		48E4690120AD6A38003EB2DB /* PaymentMethodLabelCell.swift */ = {isa = PBXFileReference; lastKnownFileType = sourcecode.swift; path = PaymentMethodLabelCell.swift; sourceTree = "<group>"; };
		48E4690320AD6A43003EB2DB /* PaymentMethodLabelCell.xib */ = {isa = PBXFileReference; lastKnownFileType = file.xib; path = PaymentMethodLabelCell.xib; sourceTree = "<group>"; };
/* End PBXFileReference section */

/* Begin PBXFrameworksBuildPhase section */
		48E468CC20AC20E9003EB2DB /* Frameworks */ = {
			isa = PBXFrameworksBuildPhase;
			buildActionMask = 2147483647;
			files = (
			);
			runOnlyForDeploymentPostprocessing = 0;
		};
/* End PBXFrameworksBuildPhase section */

/* Begin PBXGroup section */
		48E468C620AC20E9003EB2DB = {
			isa = PBXGroup;
			children = (
				48E468D120AC20E9003EB2DB /* DeliveryDynamicTableTest */,
				48E468D020AC20E9003EB2DB /* Products */,
			);
			sourceTree = "<group>";
		};
		48E468D020AC20E9003EB2DB /* Products */ = {
			isa = PBXGroup;
			children = (
				48E468CF20AC20E9003EB2DB /* DeliveryDynamicTableTest.app */,
			);
			name = Products;
			sourceTree = "<group>";
		};
		48E468D120AC20E9003EB2DB /* DeliveryDynamicTableTest */ = {
			isa = PBXGroup;
			children = (
				48E468FB20AC8700003EB2DB /* PaymentMethodVC.swift */,
				48E468FD20AC8753003EB2DB /* PaymentMethodVC.xib */,
				48E468D420AC20E9003EB2DB /* CheckoutVC.swift */,
				48735C6820B2D24A00266DA0 /* DeliveryViewModel.swift */,
				48E468E420AC211E003EB2DB /* DeliveryTableView.xib */,
				48E468F220AC785C003EB2DB /* Cells */,
				48E468D620AC20E9003EB2DB /* Main.storyboard */,
				48E468D920AC20E9003EB2DB /* Assets.xcassets */,
				48E468D220AC20E9003EB2DB /* AppDelegate.swift */,
				48E468DB20AC20E9003EB2DB /* LaunchScreen.storyboard */,
				48E468DE20AC20E9003EB2DB /* Info.plist */,
			);
			path = DeliveryDynamicTableTest;
			sourceTree = "<group>";
		};
		48E468F220AC785C003EB2DB /* Cells */ = {
			isa = PBXGroup;
			children = (
				48E468FF20AD61D1003EB2DB /* PlaceOrderCell.xib */,
				48E468E820AC2E14003EB2DB /* DeliverToCell.swift */,
				48E468E620AC2A84003EB2DB /* DeliverToCell.xib */,
				48E468F520AC79D2003EB2DB /* DeliverToHeader.xib */,
				48E468F020AC77FD003EB2DB /* PaymentMethodCell.swift */,
				48E4690120AD6A38003EB2DB /* PaymentMethodLabelCell.swift */,
				48E4690320AD6A43003EB2DB /* PaymentMethodLabelCell.xib */,
				48E468EE20AC7741003EB2DB /* PaymentMethodCell.xib */,
				48E468F720AC7DAA003EB2DB /* CreateAccountHeader.xib */,
				48E468F320AC79A1003EB2DB /* CreateAccountCell.xib */,
				48E468F920AC8473003EB2DB /* CreateAccountCell.swift */,
				48E468EC20AC74E4003EB2DB /* MyDetailsCell.swift */,
				48E468EA20AC73F6003EB2DB /* MyDetailsCell.xib */,
			);
			path = Cells;
			sourceTree = "<group>";
		};
/* End PBXGroup section */

/* Begin PBXNativeTarget section */
		48E468CE20AC20E9003EB2DB /* DeliveryDynamicTableTest */ = {
			isa = PBXNativeTarget;
			buildConfigurationList = 48E468E120AC20E9003EB2DB /* Build configuration list for PBXNativeTarget "DeliveryDynamicTableTest" */;
			buildPhases = (
				48E468CB20AC20E9003EB2DB /* Sources */,
				48E468CC20AC20E9003EB2DB /* Frameworks */,
				48E468CD20AC20E9003EB2DB /* Resources */,
			);
			buildRules = (
			);
			dependencies = (
			);
			name = DeliveryDynamicTableTest;
			productName = DeliveryDynamicTableTest;
			productReference = 48E468CF20AC20E9003EB2DB /* DeliveryDynamicTableTest.app */;
			productType = "com.apple.product-type.application";
		};
/* End PBXNativeTarget section */

/* Begin PBXProject section */
		48E468C720AC20E9003EB2DB /* Project object */ = {
			isa = PBXProject;
			attributes = {
				LastSwiftUpdateCheck = 0920;
				LastUpgradeCheck = 0920;
				ORGANIZATIONNAME = "Sullivan Applications";
				TargetAttributes = {
					48E468CE20AC20E9003EB2DB = {
						CreatedOnToolsVersion = 9.2;
						ProvisioningStyle = Automatic;
					};
				};
			};
			buildConfigurationList = 48E468CA20AC20E9003EB2DB /* Build configuration list for PBXProject "DeliveryDynamicTableTest" */;
			compatibilityVersion = "Xcode 8.0";
			developmentRegion = en;
			hasScannedForEncodings = 0;
			knownRegions = (
				en,
				Base,
			);
			mainGroup = 48E468C620AC20E9003EB2DB;
			productRefGroup = 48E468D020AC20E9003EB2DB /* Products */;
			projectDirPath = "";
			projectRoot = "";
			targets = (
				48E468CE20AC20E9003EB2DB /* DeliveryDynamicTableTest */,
			);
		};
/* End PBXProject section */

/* Begin PBXResourcesBuildPhase section */
		48E468CD20AC20E9003EB2DB /* Resources */ = {
			isa = PBXResourcesBuildPhase;
			buildActionMask = 2147483647;
			files = (
				48E4690420AD6A43003EB2DB /* PaymentMethodLabelCell.xib in Resources */,
				48E4690020AD61D1003EB2DB /* PlaceOrderCell.xib in Resources */,
				48E468F820AC7DAA003EB2DB /* CreateAccountHeader.xib in Resources */,
				48E468DD20AC20E9003EB2DB /* LaunchScreen.storyboard in Resources */,
				48E468E520AC211E003EB2DB /* DeliveryTableView.xib in Resources */,
				48E468EF20AC7741003EB2DB /* PaymentMethodCell.xib in Resources */,
				48E468EB20AC73F6003EB2DB /* MyDetailsCell.xib in Resources */,
				48E468DA20AC20E9003EB2DB /* Assets.xcassets in Resources */,
				48E468D820AC20E9003EB2DB /* Main.storyboard in Resources */,
				48E468E720AC2A84003EB2DB /* DeliverToCell.xib in Resources */,
				48E468F420AC79A1003EB2DB /* CreateAccountCell.xib in Resources */,
				48E468F620AC79D2003EB2DB /* DeliverToHeader.xib in Resources */,
				48E468FE20AC8753003EB2DB /* PaymentMethodVC.xib in Resources */,
			);
			runOnlyForDeploymentPostprocessing = 0;
		};
/* End PBXResourcesBuildPhase section */

/* Begin PBXSourcesBuildPhase section */
		48E468CB20AC20E9003EB2DB /* Sources */ = {
			isa = PBXSourcesBuildPhase;
			buildActionMask = 2147483647;
			files = (
				48E468D520AC20E9003EB2DB /* CheckoutVC.swift in Sources */,
				48E468F120AC77FD003EB2DB /* PaymentMethodCell.swift in Sources */,
				48E468D320AC20E9003EB2DB /* AppDelegate.swift in Sources */,
				48E468ED20AC74E4003EB2DB /* MyDetailsCell.swift in Sources */,
				48735C6920B2D24A00266DA0 /* DeliveryViewModel.swift in Sources */,
				48E468FC20AC8700003EB2DB /* PaymentMethodVC.swift in Sources */,
				48E468E920AC2E14003EB2DB /* DeliverToCell.swift in Sources */,
				48E4690220AD6A38003EB2DB /* PaymentMethodLabelCell.swift in Sources */,
				48E468FA20AC8473003EB2DB /* CreateAccountCell.swift in Sources */,
			);
			runOnlyForDeploymentPostprocessing = 0;
		};
/* End PBXSourcesBuildPhase section */

/* Begin PBXVariantGroup section */
		48E468D620AC20E9003EB2DB /* Main.storyboard */ = {
			isa = PBXVariantGroup;
			children = (
				48E468D720AC20E9003EB2DB /* Base */,
			);
			name = Main.storyboard;
			sourceTree = "<group>";
		};
		48E468DB20AC20E9003EB2DB /* LaunchScreen.storyboard */ = {
			isa = PBXVariantGroup;
			children = (
				48E468DC20AC20E9003EB2DB /* Base */,
			);
			name = LaunchScreen.storyboard;
			sourceTree = "<group>";
		};
/* End PBXVariantGroup section */

/* Begin XCBuildConfiguration section */
		48E468DF20AC20E9003EB2DB /* Debug */ = {
			isa = XCBuildConfiguration;
			buildSettings = {
				ALWAYS_SEARCH_USER_PATHS = NO;
				CLANG_ANALYZER_NONNULL = YES;
				CLANG_ANALYZER_NUMBER_OBJECT_CONVERSION = YES_AGGRESSIVE;
				CLANG_CXX_LANGUAGE_STANDARD = "gnu++14";
				CLANG_CXX_LIBRARY = "libc++";
				CLANG_ENABLE_MODULES = YES;
				CLANG_ENABLE_OBJC_ARC = YES;
				CLANG_WARN_BLOCK_CAPTURE_AUTORELEASING = YES;
				CLANG_WARN_BOOL_CONVERSION = YES;
				CLANG_WARN_COMMA = YES;
				CLANG_WARN_CONSTANT_CONVERSION = YES;
				CLANG_WARN_DIRECT_OBJC_ISA_USAGE = YES_ERROR;
				CLANG_WARN_DOCUMENTATION_COMMENTS = YES;
				CLANG_WARN_EMPTY_BODY = YES;
				CLANG_WARN_ENUM_CONVERSION = YES;
				CLANG_WARN_INFINITE_RECURSION = YES;
				CLANG_WARN_INT_CONVERSION = YES;
				CLANG_WARN_NON_LITERAL_NULL_CONVERSION = YES;
				CLANG_WARN_OBJC_LITERAL_CONVERSION = YES;
				CLANG_WARN_OBJC_ROOT_CLASS = YES_ERROR;
				CLANG_WARN_RANGE_LOOP_ANALYSIS = YES;
				CLANG_WARN_STRICT_PROTOTYPES = YES;
				CLANG_WARN_SUSPICIOUS_MOVE = YES;
				CLANG_WARN_UNGUARDED_AVAILABILITY = YES_AGGRESSIVE;
				CLANG_WARN_UNREACHABLE_CODE = YES;
				CLANG_WARN__DUPLICATE_METHOD_MATCH = YES;
				CODE_SIGN_IDENTITY = "iPhone Developer";
				COPY_PHASE_STRIP = NO;
				DEBUG_INFORMATION_FORMAT = dwarf;
				ENABLE_STRICT_OBJC_MSGSEND = YES;
				ENABLE_TESTABILITY = YES;
				GCC_C_LANGUAGE_STANDARD = gnu11;
				GCC_DYNAMIC_NO_PIC = NO;
				GCC_NO_COMMON_BLOCKS = YES;
				GCC_OPTIMIZATION_LEVEL = 0;
				GCC_PREPROCESSOR_DEFINITIONS = (
					"DEBUG=1",
					"$(inherited)",
				);
				GCC_WARN_64_TO_32_BIT_CONVERSION = YES;
				GCC_WARN_ABOUT_RETURN_TYPE = YES_ERROR;
				GCC_WARN_UNDECLARED_SELECTOR = YES;
				GCC_WARN_UNINITIALIZED_AUTOS = YES_AGGRESSIVE;
				GCC_WARN_UNUSED_FUNCTION = YES;
				GCC_WARN_UNUSED_VARIABLE = YES;
				IPHONEOS_DEPLOYMENT_TARGET = 11.2;
				MTL_ENABLE_DEBUG_INFO = YES;
				ONLY_ACTIVE_ARCH = YES;
				SDKROOT = iphoneos;
				SWIFT_ACTIVE_COMPILATION_CONDITIONS = DEBUG;
				SWIFT_OPTIMIZATION_LEVEL = "-Onone";
			};
			name = Debug;
		};
		48E468E020AC20E9003EB2DB /* Release */ = {
			isa = XCBuildConfiguration;
			buildSettings = {
				ALWAYS_SEARCH_USER_PATHS = NO;
				CLANG_ANALYZER_NONNULL = YES;
				CLANG_ANALYZER_NUMBER_OBJECT_CONVERSION = YES_AGGRESSIVE;
				CLANG_CXX_LANGUAGE_STANDARD = "gnu++14";
				CLANG_CXX_LIBRARY = "libc++";
				CLANG_ENABLE_MODULES = YES;
				CLANG_ENABLE_OBJC_ARC = YES;
				CLANG_WARN_BLOCK_CAPTURE_AUTORELEASING = YES;
				CLANG_WARN_BOOL_CONVERSION = YES;
				CLANG_WARN_COMMA = YES;
				CLANG_WARN_CONSTANT_CONVERSION = YES;
				CLANG_WARN_DIRECT_OBJC_ISA_USAGE = YES_ERROR;
				CLANG_WARN_DOCUMENTATION_COMMENTS = YES;
				CLANG_WARN_EMPTY_BODY = YES;
				CLANG_WARN_ENUM_CONVERSION = YES;
				CLANG_WARN_INFINITE_RECURSION = YES;
				CLANG_WARN_INT_CONVERSION = YES;
				CLANG_WARN_NON_LITERAL_NULL_CONVERSION = YES;
				CLANG_WARN_OBJC_LITERAL_CONVERSION = YES;
				CLANG_WARN_OBJC_ROOT_CLASS = YES_ERROR;
				CLANG_WARN_RANGE_LOOP_ANALYSIS = YES;
				CLANG_WARN_STRICT_PROTOTYPES = YES;
				CLANG_WARN_SUSPICIOUS_MOVE = YES;
				CLANG_WARN_UNGUARDED_AVAILABILITY = YES_AGGRESSIVE;
				CLANG_WARN_UNREACHABLE_CODE = YES;
				CLANG_WARN__DUPLICATE_METHOD_MATCH = YES;
				CODE_SIGN_IDENTITY = "iPhone Developer";
				COPY_PHASE_STRIP = NO;
				DEBUG_INFORMATION_FORMAT = "dwarf-with-dsym";
				ENABLE_NS_ASSERTIONS = NO;
				ENABLE_STRICT_OBJC_MSGSEND = YES;
				GCC_C_LANGUAGE_STANDARD = gnu11;
				GCC_NO_COMMON_BLOCKS = YES;
				GCC_WARN_64_TO_32_BIT_CONVERSION = YES;
				GCC_WARN_ABOUT_RETURN_TYPE = YES_ERROR;
				GCC_WARN_UNDECLARED_SELECTOR = YES;
				GCC_WARN_UNINITIALIZED_AUTOS = YES_AGGRESSIVE;
				GCC_WARN_UNUSED_FUNCTION = YES;
				GCC_WARN_UNUSED_VARIABLE = YES;
				IPHONEOS_DEPLOYMENT_TARGET = 11.2;
				MTL_ENABLE_DEBUG_INFO = NO;
				SDKROOT = iphoneos;
				SWIFT_OPTIMIZATION_LEVEL = "-Owholemodule";
				VALIDATE_PRODUCT = YES;
			};
			name = Release;
		};
		48E468E220AC20E9003EB2DB /* Debug */ = {
			isa = XCBuildConfiguration;
			buildSettings = {
				ASSETCATALOG_COMPILER_APPICON_NAME = AppIcon;
				CODE_SIGN_STYLE = Automatic;
				DEVELOPMENT_TEAM = 2KVYSWMVXX;
				INFOPLIST_FILE = DeliveryDynamicTableTest/Info.plist;
				LD_RUNPATH_SEARCH_PATHS = "$(inherited) @executable_path/Frameworks";
				PRODUCT_BUNDLE_IDENTIFIER = "Sullivan-Applications.DeliveryDynamicTableTest";
				PRODUCT_NAME = "$(TARGET_NAME)";
				SWIFT_VERSION = 4.0;
				TARGETED_DEVICE_FAMILY = "1,2";
			};
			name = Debug;
		};
		48E468E320AC20E9003EB2DB /* Release */ = {
			isa = XCBuildConfiguration;
			buildSettings = {
				ASSETCATALOG_COMPILER_APPICON_NAME = AppIcon;
				CODE_SIGN_STYLE = Automatic;
				DEVELOPMENT_TEAM = 2KVYSWMVXX;
				INFOPLIST_FILE = DeliveryDynamicTableTest/Info.plist;
				LD_RUNPATH_SEARCH_PATHS = "$(inherited) @executable_path/Frameworks";
				PRODUCT_BUNDLE_IDENTIFIER = "Sullivan-Applications.DeliveryDynamicTableTest";
				PRODUCT_NAME = "$(TARGET_NAME)";
				SWIFT_VERSION = 4.0;
				TARGETED_DEVICE_FAMILY = "1,2";
			};
			name = Release;
		};
/* End XCBuildConfiguration section */

/* Begin XCConfigurationList section */
		48E468CA20AC20E9003EB2DB /* Build configuration list for PBXProject "DeliveryDynamicTableTest" */ = {
			isa = XCConfigurationList;
			buildConfigurations = (
				48E468DF20AC20E9003EB2DB /* Debug */,
				48E468E020AC20E9003EB2DB /* Release */,
			);
			defaultConfigurationIsVisible = 0;
			defaultConfigurationName = Release;
		};
		48E468E120AC20E9003EB2DB /* Build configuration list for PBXNativeTarget "DeliveryDynamicTableTest" */ = {
			isa = XCConfigurationList;
			buildConfigurations = (
				48E468E220AC20E9003EB2DB /* Debug */,
				48E468E320AC20E9003EB2DB /* Release */,
			);
			defaultConfigurationIsVisible = 0;
			defaultConfigurationName = Release;
		};
/* End XCConfigurationList section */
	};
	rootObject = 48E468C720AC20E9003EB2DB /* Project object */;
}
